
Microsoft Visual Studio Solution File, Format Version 12.00
# Visual Studio Version 17
VisualStudioVersion = 17.12.35707.178 d17.12
MinimumVisualStudioVersion = 10.0.40219.1
Project("{FAE04EC0-301F-11D3-BF4B-00C04F79EFBC}") = "Abstractions", "Abstractions\Abstractions.csproj", "{57B81F1A-213F-4F26-AB1D-A58372C9D093}"
EndProject
Project("{FAE04EC0-301F-11D3-BF4B-00C04F79EFBC}") = "Web", "Web\Web.csproj", "{389CCACA-F66D-4BD3-8927-DD5DDEE1A00E}"
EndProject
Global
	GlobalSection(SolutionConfigurationPlatforms) = preSolution
		Debug|Any CPU = Debug|Any CPU
		Release|Any CPU = Release|Any CPU
	EndGlobalSection
	GlobalSection(ProjectConfigurationPlatforms) = postSolution
		{57B81F1A-213F-4F26-AB1D-A58372C9D093}.Debug|Any CPU.ActiveCfg = Debug|Any CPU
		{57B81F1A-213F-4F26-AB1D-A58372C9D093}.Debug|Any CPU.Build.0 = Debug|Any CPU
		{57B81F1A-213F-4F26-AB1D-A58372C9D093}.Release|Any CPU.ActiveCfg = Release|Any CPU
		{57B81F1A-213F-4F26-AB1D-A58372C9D093}.Release|Any CPU.Build.0 = Release|Any CPU
		{389CCACA-F66D-4BD3-8927-DD5DDEE1A00E}.Debug|Any CPU.ActiveCfg = Debug|Any CPU
		{389CCACA-F66D-4BD3-8927-DD5DDEE1A00E}.Debug|Any CPU.Build.0 = Debug|Any CPU
		{389CCACA-F66D-4BD3-8927-DD5DDEE1A00E}.Release|Any CPU.ActiveCfg = Release|Any CPU
		{389CCACA-F66D-4BD3-8927-DD5DDEE1A00E}.Release|Any CPU.Build.0 = Release|Any CPU
	EndGlobalSection
	GlobalSection(SolutionProperties) = preSolution
		HideSolutionNode = FALSE
	EndGlobalSection
EndGlobal
